// !$*UTF8*$!
{
	archiveVersion = 1;
	classes = {
	};
	objectVersion = 50;
	objects = {

/* Begin PBXBuildFile section */
		B725B70121B3714D00AF4E3C /* AppDelegate.swift in Sources */ = {isa = PBXBuildFile; fileRef = B725B70021B3714D00AF4E3C /* AppDelegate.swift */; };
		B725B70321B3714D00AF4E3C /* ViewController.swift in Sources */ = {isa = PBXBuildFile; fileRef = B725B70221B3714D00AF4E3C /* ViewController.swift */; };
		B725B70621B3714D00AF4E3C /* Main.storyboard in Resources */ = {isa = PBXBuildFile; fileRef = B725B70421B3714D00AF4E3C /* Main.storyboard */; };
		B725B70821B3714E00AF4E3C /* Assets.xcassets in Resources */ = {isa = PBXBuildFile; fileRef = B725B70721B3714E00AF4E3C /* Assets.xcassets */; };
		B725B70B21B3714E00AF4E3C /* LaunchScreen.storyboard in Resources */ = {isa = PBXBuildFile; fileRef = B725B70921B3714E00AF4E3C /* LaunchScreen.storyboard */; };
		B725B71821B3722D00AF4E3C /* SwipeBack.swift in Sources */ = {isa = PBXBuildFile; fileRef = B725B71721B3722D00AF4E3C /* SwipeBack.swift */; };
		B725B71B21B372CE00AF4E3C /* Info.plist in Resources */ = {isa = PBXBuildFile; fileRef = B725B71A21B372CE00AF4E3C /* Info.plist */; };
		B725B71D21B3751400AF4E3C /* ClassNameProtocol.swift in Sources */ = {isa = PBXBuildFile; fileRef = B725B71C21B3751400AF4E3C /* ClassNameProtocol.swift */; };
		B725B71F21B376C900AF4E3C /* UITableViewExtension.swift in Sources */ = {isa = PBXBuildFile; fileRef = B725B71E21B376C900AF4E3C /* UITableViewExtension.swift */; };
/* End PBXBuildFile section */

/* Begin PBXFileReference section */
		B725B6FD21B3714D00AF4E3C /* Demo.app */ = {isa = PBXFileReference; explicitFileType = wrapper.application; includeInIndex = 0; path = Demo.app; sourceTree = BUILT_PRODUCTS_DIR; };
		B725B70021B3714D00AF4E3C /* AppDelegate.swift */ = {isa = PBXFileReference; lastKnownFileType = sourcecode.swift; path = AppDelegate.swift; sourceTree = "<group>"; };
		B725B70221B3714D00AF4E3C /* ViewController.swift */ = {isa = PBXFileReference; lastKnownFileType = sourcecode.swift; path = ViewController.swift; sourceTree = "<group>"; };
		B725B70521B3714D00AF4E3C /* Base */ = {isa = PBXFileReference; lastKnownFileType = file.storyboard; name = Base; path = Base.lproj/Main.storyboard; sourceTree = "<group>"; };
		B725B70721B3714E00AF4E3C /* Assets.xcassets */ = {isa = PBXFileReference; lastKnownFileType = folder.assetcatalog; path = Assets.xcassets; sourceTree = "<group>"; };
		B725B70A21B3714E00AF4E3C /* Base */ = {isa = PBXFileReference; lastKnownFileType = file.storyboard; name = Base; path = Base.lproj/LaunchScreen.storyboard; sourceTree = "<group>"; };
		B725B70C21B3714E00AF4E3C /* Info.plist */ = {isa = PBXFileReference; lastKnownFileType = text.plist.xml; path = Info.plist; sourceTree = "<group>"; };
		B725B71721B3722D00AF4E3C /* SwipeBack.swift */ = {isa = PBXFileReference; fileEncoding = 4; lastKnownFileType = sourcecode.swift; name = SwipeBack.swift; path = ../MyTemplate/SwipeBack.swift; sourceTree = "<group>"; };
		B725B71921B372CE00AF4E3C /* MyTemplate.h */ = {isa = PBXFileReference; fileEncoding = 4; lastKnownFileType = sourcecode.c.h; name = MyTemplate.h; path = ../MyTemplate/MyTemplate.h; sourceTree = "<group>"; };
		B725B71A21B372CE00AF4E3C /* Info.plist */ = {isa = PBXFileReference; fileEncoding = 4; lastKnownFileType = text.plist.xml; name = Info.plist; path = ../MyTemplate/Info.plist; sourceTree = "<group>"; };
		B725B71C21B3751400AF4E3C /* ClassNameProtocol.swift */ = {isa = PBXFileReference; lastKnownFileType = sourcecode.swift; path = ClassNameProtocol.swift; sourceTree = "<group>"; };
		B725B71E21B376C900AF4E3C /* UITableViewExtension.swift */ = {isa = PBXFileReference; lastKnownFileType = sourcecode.swift; path = UITableViewExtension.swift; sourceTree = "<group>"; };
/* End PBXFileReference section */

/* Begin PBXFrameworksBuildPhase section */
		B725B6FA21B3714D00AF4E3C /* Frameworks */ = {
			isa = PBXFrameworksBuildPhase;
			buildActionMask = 2147483647;
			files = (
			);
			runOnlyForDeploymentPostprocessing = 0;
		};
/* End PBXFrameworksBuildPhase section */

/* Begin PBXGroup section */
		B725B6F421B3714C00AF4E3C = {
			isa = PBXGroup;
			children = (
				B725B71421B371CD00AF4E3C /* Sources */,
				B725B6FF21B3714D00AF4E3C /* Demo */,
				B725B6FE21B3714D00AF4E3C /* Products */,
			);
			sourceTree = "<group>";
		};
		B725B6FE21B3714D00AF4E3C /* Products */ = {
			isa = PBXGroup;
			children = (
				B725B6FD21B3714D00AF4E3C /* Demo.app */,
			);
			name = Products;
			sourceTree = "<group>";
		};
		B725B6FF21B3714D00AF4E3C /* Demo */ = {
			isa = PBXGroup;
			children = (
				B725B70021B3714D00AF4E3C /* AppDelegate.swift */,
				B725B70221B3714D00AF4E3C /* ViewController.swift */,
				B725B70421B3714D00AF4E3C /* Main.storyboard */,
				B725B70721B3714E00AF4E3C /* Assets.xcassets */,
				B725B70921B3714E00AF4E3C /* LaunchScreen.storyboard */,
				B725B70C21B3714E00AF4E3C /* Info.plist */,
			);
			path = Demo;
			sourceTree = "<group>";
		};
		B725B71421B371CD00AF4E3C /* Sources */ = {
			isa = PBXGroup;
			children = (
				B725B71721B3722D00AF4E3C /* SwipeBack.swift */,
				B725B71C21B3751400AF4E3C /* ClassNameProtocol.swift */,
				B725B71E21B376C900AF4E3C /* UITableViewExtension.swift */,
				B725B71921B372CE00AF4E3C /* MyTemplate.h */,
				B725B71A21B372CE00AF4E3C /* Info.plist */,
			);
			name = Sources;
			sourceTree = "<group>";
		};
/* End PBXGroup section */

/* Begin PBXNativeTarget section */
		B725B6FC21B3714D00AF4E3C /* Demo */ = {
			isa = PBXNativeTarget;
			buildConfigurationList = B725B70F21B3714E00AF4E3C /* Build configuration list for PBXNativeTarget "Demo" */;
			buildPhases = (
				B725B6F921B3714D00AF4E3C /* Sources */,
				B725B6FA21B3714D00AF4E3C /* Frameworks */,
				B725B6FB21B3714D00AF4E3C /* Resources */,
			);
			buildRules = (
			);
			dependencies = (
			);
			name = Demo;
			productName = Demo;
			productReference = B725B6FD21B3714D00AF4E3C /* Demo.app */;
			productType = "com.apple.product-type.application";
		};
/* End PBXNativeTarget section */

/* Begin PBXProject section */
		B725B6F521B3714C00AF4E3C /* Project object */ = {
			isa = PBXProject;
			attributes = {
				LastSwiftUpdateCheck = 1010;
				LastUpgradeCheck = 1010;
				ORGANIZATIONNAME = tomoki;
				TargetAttributes = {
					B725B6FC21B3714D00AF4E3C = {
						CreatedOnToolsVersion = 10.1;
					};
				};
			};
			buildConfigurationList = B725B6F821B3714C00AF4E3C /* Build configuration list for PBXProject "Demo" */;
			compatibilityVersion = "Xcode 9.3";
			developmentRegion = en;
			hasScannedForEncodings = 0;
			knownRegions = (
				en,
				Base,
			);
			mainGroup = B725B6F421B3714C00AF4E3C;
			productRefGroup = B725B6FE21B3714D00AF4E3C /* Products */;
			projectDirPath = "";
			projectRoot = "";
			targets = (
				B725B6FC21B3714D00AF4E3C /* Demo */,
			);
		};
/* End PBXProject section */

/* Begin PBXResourcesBuildPhase section */
		B725B6FB21B3714D00AF4E3C /* Resources */ = {
			isa = PBXResourcesBuildPhase;
			buildActionMask = 2147483647;
			files = (
				B725B71B21B372CE00AF4E3C /* Info.plist in Resources */,
				B725B70B21B3714E00AF4E3C /* LaunchScreen.storyboard in Resources */,
				B725B70821B3714E00AF4E3C /* Assets.xcassets in Resources */,
				B725B70621B3714D00AF4E3C /* Main.storyboard in Resources */,
			);
			runOnlyForDeploymentPostprocessing = 0;
		};
/* End PBXResourcesBuildPhase section */

/* Begin PBXSourcesBuildPhase section */
		B725B6F921B3714D00AF4E3C /* Sources */ = {
			isa = PBXSourcesBuildPhase;
			buildActionMask = 2147483647;
			files = (
				B725B71821B3722D00AF4E3C /* SwipeBack.swift in Sources */,
				B725B71F21B376C900AF4E3C /* UITableViewExtension.swift in Sources */,
				B725B70321B3714D00AF4E3C /* ViewController.swift in Sources */,
				B725B70121B3714D00AF4E3C /* AppDelegate.swift in Sources */,
				B725B71D21B3751400AF4E3C /* ClassNameProtocol.swift in Sources */,
			);
			runOnlyForDeploymentPostprocessing = 0;
		};
/* End PBXSourcesBuildPhase section */

/* Begin PBXVariantGroup section */
		B725B70421B3714D00AF4E3C /* Main.storyboard */ = {
			isa = PBXVariantGroup;
			children = (
				B725B70521B3714D00AF4E3C /* Base */,
			);
			name = Main.storyboard;
			sourceTree = "<group>";
		};
		B725B70921B3714E00AF4E3C /* LaunchScreen.storyboard */ = {
			isa = PBXVariantGroup;
			children = (
				B725B70A21B3714E00AF4E3C /* Base */,
			);
			name = LaunchScreen.storyboard;
			sourceTree = "<group>";
		};
/* End PBXVariantGroup section */

/* Begin XCBuildConfiguration section */
		B725B70D21B3714E00AF4E3C /* Debug */ = {
			isa = XCBuildConfiguration;
			buildSettings = {
				ALWAYS_SEARCH_USER_PATHS = NO;
				CLANG_ANALYZER_NONNULL = YES;
				CLANG_ANALYZER_NUMBER_OBJECT_CONVERSION = YES_AGGRESSIVE;
				CLANG_CXX_LANGUAGE_STANDARD = "gnu++14";
				CLANG_CXX_LIBRARY = "libc++";
				CLANG_ENABLE_MODULES = YES;
				CLANG_ENABLE_OBJC_ARC = YES;
				CLANG_ENABLE_OBJC_WEAK = YES;
				CLANG_WARN_BLOCK_CAPTURE_AUTORELEASING = YES;
				CLANG_WARN_BOOL_CONVERSION = YES;
				CLANG_WARN_COMMA = YES;
				CLANG_WARN_CONSTANT_CONVERSION = YES;
				CLANG_WARN_DEPRECATED_OBJC_IMPLEMENTATIONS = YES;
				CLANG_WARN_DIRECT_OBJC_ISA_USAGE = YES_ERROR;
				CLANG_WARN_DOCUMENTATION_COMMENTS = YES;
				CLANG_WARN_EMPTY_BODY = YES;
				CLANG_WARN_ENUM_CONVERSION = YES;
				CLANG_WARN_INFINITE_RECURSION = YES;
				CLANG_WARN_INT_CONVERSION = YES;
				CLANG_WARN_NON_LITERAL_NULL_CONVERSION = YES;
				CLANG_WARN_OBJC_IMPLICIT_RETAIN_SELF = YES;
				CLANG_WARN_OBJC_LITERAL_CONVERSION = YES;
				CLANG_WARN_OBJC_ROOT_CLASS = YES_ERROR;
				CLANG_WARN_RANGE_LOOP_ANALYSIS = YES;
				CLANG_WARN_STRICT_PROTOTYPES = YES;
				CLANG_WARN_SUSPICIOUS_MOVE = YES;
				CLANG_WARN_UNGUARDED_AVAILABILITY = YES_AGGRESSIVE;
				CLANG_WARN_UNREACHABLE_CODE = YES;
				CLANG_WARN__DUPLICATE_METHOD_MATCH = YES;
				CODE_SIGN_IDENTITY = "iPhone Developer";
				COPY_PHASE_STRIP = NO;
				DEBUG_INFORMATION_FORMAT = dwarf;
				ENABLE_STRICT_OBJC_MSGSEND = YES;
				ENABLE_TESTABILITY = YES;
				GCC_C_LANGUAGE_STANDARD = gnu11;
				GCC_DYNAMIC_NO_PIC = NO;
				GCC_NO_COMMON_BLOCKS = YES;
				GCC_OPTIMIZATION_LEVEL = 0;
				GCC_PREPROCESSOR_DEFINITIONS = (
					"DEBUG=1",
					"$(inherited)",
				);
				GCC_WARN_64_TO_32_BIT_CONVERSION = YES;
				GCC_WARN_ABOUT_RETURN_TYPE = YES_ERROR;
				GCC_WARN_UNDECLARED_SELECTOR = YES;
				GCC_WARN_UNINITIALIZED_AUTOS = YES_AGGRESSIVE;
				GCC_WARN_UNUSED_FUNCTION = YES;
				GCC_WARN_UNUSED_VARIABLE = YES;
				IPHONEOS_DEPLOYMENT_TARGET = 12.1;
				MTL_ENABLE_DEBUG_INFO = INCLUDE_SOURCE;
				MTL_FAST_MATH = YES;
				ONLY_ACTIVE_ARCH = YES;
				SDKROOT = iphoneos;
				SWIFT_ACTIVE_COMPILATION_CONDITIONS = DEBUG;
				SWIFT_OPTIMIZATION_LEVEL = "-Onone";
			};
			name = Debug;
		};
		B725B70E21B3714E00AF4E3C /* Release */ = {
			isa = XCBuildConfiguration;
			buildSettings = {
				ALWAYS_SEARCH_USER_PATHS = NO;
				CLANG_ANALYZER_NONNULL = YES;
				CLANG_ANALYZER_NUMBER_OBJECT_CONVERSION = YES_AGGRESSIVE;
				CLANG_CXX_LANGUAGE_STANDARD = "gnu++14";
				CLANG_CXX_LIBRARY = "libc++";
				CLANG_ENABLE_MODULES = YES;
				CLANG_ENABLE_OBJC_ARC = YES;
				CLANG_ENABLE_OBJC_WEAK = YES;
				CLANG_WARN_BLOCK_CAPTURE_AUTORELEASING = YES;
				CLANG_WARN_BOOL_CONVERSION = YES;
				CLANG_WARN_COMMA = YES;
				CLANG_WARN_CONSTANT_CONVERSION = YES;
				CLANG_WARN_DEPRECATED_OBJC_IMPLEMENTATIONS = YES;
				CLANG_WARN_DIRECT_OBJC_ISA_USAGE = YES_ERROR;
				CLANG_WARN_DOCUMENTATION_COMMENTS = YES;
				CLANG_WARN_EMPTY_BODY = YES;
				CLANG_WARN_ENUM_CONVERSION = YES;
				CLANG_WARN_INFINITE_RECURSION = YES;
				CLANG_WARN_INT_CONVERSION = YES;
				CLANG_WARN_NON_LITERAL_NULL_CONVERSION = YES;
				CLANG_WARN_OBJC_IMPLICIT_RETAIN_SELF = YES;
				CLANG_WARN_OBJC_LITERAL_CONVERSION = YES;
				CLANG_WARN_OBJC_ROOT_CLASS = YES_ERROR;
				CLANG_WARN_RANGE_LOOP_ANALYSIS = YES;
				CLANG_WARN_STRICT_PROTOTYPES = YES;
				CLANG_WARN_SUSPICIOUS_MOVE = YES;
				CLANG_WARN_UNGUARDED_AVAILABILITY = YES_AGGRESSIVE;
				CLANG_WARN_UNREACHABLE_CODE = YES;
				CLANG_WARN__DUPLICATE_METHOD_MATCH = YES;
				CODE_SIGN_IDENTITY = "iPhone Developer";
				COPY_PHASE_STRIP = NO;
				DEBUG_INFORMATION_FORMAT = "dwarf-with-dsym";
				ENABLE_NS_ASSERTIONS = NO;
				ENABLE_STRICT_OBJC_MSGSEND = YES;
				GCC_C_LANGUAGE_STANDARD = gnu11;
				GCC_NO_COMMON_BLOCKS = YES;
				GCC_WARN_64_TO_32_BIT_CONVERSION = YES;
				GCC_WARN_ABOUT_RETURN_TYPE = YES_ERROR;
				GCC_WARN_UNDECLARED_SELECTOR = YES;
				GCC_WARN_UNINITIALIZED_AUTOS = YES_AGGRESSIVE;
				GCC_WARN_UNUSED_FUNCTION = YES;
				GCC_WARN_UNUSED_VARIABLE = YES;
				IPHONEOS_DEPLOYMENT_TARGET = 12.1;
				MTL_ENABLE_DEBUG_INFO = NO;
				MTL_FAST_MATH = YES;
				SDKROOT = iphoneos;
				SWIFT_COMPILATION_MODE = wholemodule;
				SWIFT_OPTIMIZATION_LEVEL = "-O";
				VALIDATE_PRODUCT = YES;
			};
			name = Release;
		};
		B725B71021B3714E00AF4E3C /* Debug */ = {
			isa = XCBuildConfiguration;
			buildSettings = {
				ASSETCATALOG_COMPILER_APPICON_NAME = AppIcon;
				CODE_SIGN_STYLE = Automatic;
				INFOPLIST_FILE = Demo/Info.plist;
				LD_RUNPATH_SEARCH_PATHS = (
					"$(inherited)",
					"@executable_path/Frameworks",
				);
				PRODUCT_BUNDLE_IDENTIFIER = com.tomoki.Demo;
				PRODUCT_NAME = "$(TARGET_NAME)";
				SWIFT_VERSION = 4.2;
				TARGETED_DEVICE_FAMILY = "1,2";
			};
			name = Debug;
		};
		B725B71121B3714E00AF4E3C /* Release */ = {
			isa = XCBuildConfiguration;
			buildSettings = {
				ASSETCATALOG_COMPILER_APPICON_NAME = AppIcon;
				CODE_SIGN_STYLE = Automatic;
				INFOPLIST_FILE = Demo/Info.plist;
				LD_RUNPATH_SEARCH_PATHS = (
					"$(inherited)",
					"@executable_path/Frameworks",
				);
				PRODUCT_BUNDLE_IDENTIFIER = com.tomoki.Demo;
				PRODUCT_NAME = "$(TARGET_NAME)";
				SWIFT_VERSION = 4.2;
				TARGETED_DEVICE_FAMILY = "1,2";
			};
			name = Release;
		};
/* End XCBuildConfiguration section */

/* Begin XCConfigurationList section */
		B725B6F821B3714C00AF4E3C /* Build configuration list for PBXProject "Demo" */ = {
			isa = XCConfigurationList;
			buildConfigurations = (
				B725B70D21B3714E00AF4E3C /* Debug */,
				B725B70E21B3714E00AF4E3C /* Release */,
			);
			defaultConfigurationIsVisible = 0;
			defaultConfigurationName = Release;
		};
		B725B70F21B3714E00AF4E3C /* Build configuration list for PBXNativeTarget "Demo" */ = {
			isa = XCConfigurationList;
			buildConfigurations = (
				B725B71021B3714E00AF4E3C /* Debug */,
				B725B71121B3714E00AF4E3C /* Release */,
			);
			defaultConfigurationIsVisible = 0;
			defaultConfigurationName = Release;
		};
/* End XCConfigurationList section */
	};
	rootObject = B725B6F521B3714C00AF4E3C /* Project object */;
}
